// !$*UTF8*$!
{
	archiveVersion = 1;
	classes = {
	};
	objectVersion = 56;
	objects = {

/* Begin PBXBuildFile section */
		EA6CC1492AEE675D006A042E /* RunStarter.swift in Sources */ = {isa = PBXBuildFile; fileRef = EA6CC1482AEE675D006A042E /* RunStarter.swift */; };
		EA8BA9742AEE5841002BD4F4 /* FreeRunningApp.swift in Sources */ = {isa = PBXBuildFile; fileRef = EA8BA9732AEE5841002BD4F4 /* FreeRunningApp.swift */; };
		EA8BA9762AEE5841002BD4F4 /* RunOverview.swift in Sources */ = {isa = PBXBuildFile; fileRef = EA8BA9752AEE5841002BD4F4 /* RunOverview.swift */; };
		EA8BA9782AEE5841002BD4F4 /* Item.swift in Sources */ = {isa = PBXBuildFile; fileRef = EA8BA9772AEE5841002BD4F4 /* Item.swift */; };
		EA8BA97A2AEE5842002BD4F4 /* Assets.xcassets in Resources */ = {isa = PBXBuildFile; fileRef = EA8BA9792AEE5842002BD4F4 /* Assets.xcassets */; };
		EA8BA97D2AEE5842002BD4F4 /* Preview Assets.xcassets in Resources */ = {isa = PBXBuildFile; fileRef = EA8BA97C2AEE5842002BD4F4 /* Preview Assets.xcassets */; };
		EA8BA9872AEE5842002BD4F4 /* FreeRunningTests.swift in Sources */ = {isa = PBXBuildFile; fileRef = EA8BA9862AEE5842002BD4F4 /* FreeRunningTests.swift */; };
		EA8BA9912AEE5842002BD4F4 /* FreeRunningUITests.swift in Sources */ = {isa = PBXBuildFile; fileRef = EA8BA9902AEE5842002BD4F4 /* FreeRunningUITests.swift */; };
		EA8BA9932AEE5842002BD4F4 /* FreeRunningUITestsLaunchTests.swift in Sources */ = {isa = PBXBuildFile; fileRef = EA8BA9922AEE5842002BD4F4 /* FreeRunningUITestsLaunchTests.swift */; };
/* End PBXBuildFile section */

/* Begin PBXContainerItemProxy section */
		EA8BA9832AEE5842002BD4F4 /* PBXContainerItemProxy */ = {
			isa = PBXContainerItemProxy;
			containerPortal = EA8BA9682AEE5841002BD4F4 /* Project object */;
			proxyType = 1;
			remoteGlobalIDString = EA8BA96F2AEE5841002BD4F4;
			remoteInfo = FreeRunning;
		};
		EA8BA98D2AEE5842002BD4F4 /* PBXContainerItemProxy */ = {
			isa = PBXContainerItemProxy;
			containerPortal = EA8BA9682AEE5841002BD4F4 /* Project object */;
			proxyType = 1;
			remoteGlobalIDString = EA8BA96F2AEE5841002BD4F4;
			remoteInfo = FreeRunning;
		};
/* End PBXContainerItemProxy section */

/* Begin PBXFileReference section */
		EA6CC1482AEE675D006A042E /* RunStarter.swift */ = {isa = PBXFileReference; lastKnownFileType = sourcecode.swift; path = RunStarter.swift; sourceTree = "<group>"; };
		EA8BA9702AEE5841002BD4F4 /* FreeRunning.app */ = {isa = PBXFileReference; explicitFileType = wrapper.application; includeInIndex = 0; path = FreeRunning.app; sourceTree = BUILT_PRODUCTS_DIR; };
		EA8BA9732AEE5841002BD4F4 /* FreeRunningApp.swift */ = {isa = PBXFileReference; lastKnownFileType = sourcecode.swift; path = FreeRunningApp.swift; sourceTree = "<group>"; };
		EA8BA9752AEE5841002BD4F4 /* RunOverview.swift */ = {isa = PBXFileReference; lastKnownFileType = sourcecode.swift; path = RunOverview.swift; sourceTree = "<group>"; };
		EA8BA9772AEE5841002BD4F4 /* Item.swift */ = {isa = PBXFileReference; lastKnownFileType = sourcecode.swift; path = Item.swift; sourceTree = "<group>"; };
		EA8BA9792AEE5842002BD4F4 /* Assets.xcassets */ = {isa = PBXFileReference; lastKnownFileType = folder.assetcatalog; path = Assets.xcassets; sourceTree = "<group>"; };
		EA8BA97C2AEE5842002BD4F4 /* Preview Assets.xcassets */ = {isa = PBXFileReference; lastKnownFileType = folder.assetcatalog; path = "Preview Assets.xcassets"; sourceTree = "<group>"; };
		EA8BA9822AEE5842002BD4F4 /* FreeRunningTests.xctest */ = {isa = PBXFileReference; explicitFileType = wrapper.cfbundle; includeInIndex = 0; path = FreeRunningTests.xctest; sourceTree = BUILT_PRODUCTS_DIR; };
		EA8BA9862AEE5842002BD4F4 /* FreeRunningTests.swift */ = {isa = PBXFileReference; lastKnownFileType = sourcecode.swift; path = FreeRunningTests.swift; sourceTree = "<group>"; };
		EA8BA98C2AEE5842002BD4F4 /* FreeRunningUITests.xctest */ = {isa = PBXFileReference; explicitFileType = wrapper.cfbundle; includeInIndex = 0; path = FreeRunningUITests.xctest; sourceTree = BUILT_PRODUCTS_DIR; };
		EA8BA9902AEE5842002BD4F4 /* FreeRunningUITests.swift */ = {isa = PBXFileReference; lastKnownFileType = sourcecode.swift; path = FreeRunningUITests.swift; sourceTree = "<group>"; };
		EA8BA9922AEE5842002BD4F4 /* FreeRunningUITestsLaunchTests.swift */ = {isa = PBXFileReference; lastKnownFileType = sourcecode.swift; path = FreeRunningUITestsLaunchTests.swift; sourceTree = "<group>"; };
/* End PBXFileReference section */

/* Begin PBXFrameworksBuildPhase section */
		EA8BA96D2AEE5841002BD4F4 /* Frameworks */ = {
			isa = PBXFrameworksBuildPhase;
			buildActionMask = 2147483647;
			files = (
			);
			runOnlyForDeploymentPostprocessing = 0;
		};
		EA8BA97F2AEE5842002BD4F4 /* Frameworks */ = {
			isa = PBXFrameworksBuildPhase;
			buildActionMask = 2147483647;
			files = (
			);
			runOnlyForDeploymentPostprocessing = 0;
		};
		EA8BA9892AEE5842002BD4F4 /* Frameworks */ = {
			isa = PBXFrameworksBuildPhase;
			buildActionMask = 2147483647;
			files = (
			);
			runOnlyForDeploymentPostprocessing = 0;
		};
/* End PBXFrameworksBuildPhase section */

/* Begin PBXGroup section */
		EA8BA9672AEE5841002BD4F4 = {
			isa = PBXGroup;
			children = (
				EA8BA9722AEE5841002BD4F4 /* FreeRunning */,
				EA8BA9852AEE5842002BD4F4 /* FreeRunningTests */,
				EA8BA98F2AEE5842002BD4F4 /* FreeRunningUITests */,
				EA8BA9712AEE5841002BD4F4 /* Products */,
			);
			sourceTree = "<group>";
		};
		EA8BA9712AEE5841002BD4F4 /* Products */ = {
			isa = PBXGroup;
			children = (
				EA8BA9702AEE5841002BD4F4 /* FreeRunning.app */,
				EA8BA9822AEE5842002BD4F4 /* FreeRunningTests.xctest */,
				EA8BA98C2AEE5842002BD4F4 /* FreeRunningUITests.xctest */,
			);
			name = Products;
			sourceTree = "<group>";
		};
		EA8BA9722AEE5841002BD4F4 /* FreeRunning */ = {
			isa = PBXGroup;
			children = (
				EA8BA9732AEE5841002BD4F4 /* FreeRunningApp.swift */,
				EA6CC1482AEE675D006A042E /* RunStarter.swift */,
				EA8BA9752AEE5841002BD4F4 /* RunOverview.swift */,
				EA8BA9772AEE5841002BD4F4 /* Item.swift */,
				EA8BA9792AEE5842002BD4F4 /* Assets.xcassets */,
				EA8BA97B2AEE5842002BD4F4 /* Preview Content */,
			);
			path = FreeRunning;
			sourceTree = "<group>";
		};
		EA8BA97B2AEE5842002BD4F4 /* Preview Content */ = {
			isa = PBXGroup;
			children = (
				EA8BA97C2AEE5842002BD4F4 /* Preview Assets.xcassets */,
			);
			path = "Preview Content";
			sourceTree = "<group>";
		};
		EA8BA9852AEE5842002BD4F4 /* FreeRunningTests */ = {
			isa = PBXGroup;
			children = (
				EA8BA9862AEE5842002BD4F4 /* FreeRunningTests.swift */,
			);
			path = FreeRunningTests;
			sourceTree = "<group>";
		};
		EA8BA98F2AEE5842002BD4F4 /* FreeRunningUITests */ = {
			isa = PBXGroup;
			children = (
				EA8BA9902AEE5842002BD4F4 /* FreeRunningUITests.swift */,
				EA8BA9922AEE5842002BD4F4 /* FreeRunningUITestsLaunchTests.swift */,
			);
			path = FreeRunningUITests;
			sourceTree = "<group>";
		};
/* End PBXGroup section */

/* Begin PBXNativeTarget section */
		EA8BA96F2AEE5841002BD4F4 /* FreeRunning */ = {
			isa = PBXNativeTarget;
			buildConfigurationList = EA8BA9962AEE5842002BD4F4 /* Build configuration list for PBXNativeTarget "FreeRunning" */;
			buildPhases = (
				EA8BA96C2AEE5841002BD4F4 /* Sources */,
				EA8BA96D2AEE5841002BD4F4 /* Frameworks */,
				EA8BA96E2AEE5841002BD4F4 /* Resources */,
			);
			buildRules = (
			);
			dependencies = (
			);
			name = FreeRunning;
			productName = FreeRunning;
			productReference = EA8BA9702AEE5841002BD4F4 /* FreeRunning.app */;
			productType = "com.apple.product-type.application";
		};
		EA8BA9812AEE5842002BD4F4 /* FreeRunningTests */ = {
			isa = PBXNativeTarget;
			buildConfigurationList = EA8BA9992AEE5842002BD4F4 /* Build configuration list for PBXNativeTarget "FreeRunningTests" */;
			buildPhases = (
				EA8BA97E2AEE5842002BD4F4 /* Sources */,
				EA8BA97F2AEE5842002BD4F4 /* Frameworks */,
				EA8BA9802AEE5842002BD4F4 /* Resources */,
			);
			buildRules = (
			);
			dependencies = (
				EA8BA9842AEE5842002BD4F4 /* PBXTargetDependency */,
			);
			name = FreeRunningTests;
			productName = FreeRunningTests;
			productReference = EA8BA9822AEE5842002BD4F4 /* FreeRunningTests.xctest */;
			productType = "com.apple.product-type.bundle.unit-test";
		};
		EA8BA98B2AEE5842002BD4F4 /* FreeRunningUITests */ = {
			isa = PBXNativeTarget;
			buildConfigurationList = EA8BA99C2AEE5842002BD4F4 /* Build configuration list for PBXNativeTarget "FreeRunningUITests" */;
			buildPhases = (
				EA8BA9882AEE5842002BD4F4 /* Sources */,
				EA8BA9892AEE5842002BD4F4 /* Frameworks */,
				EA8BA98A2AEE5842002BD4F4 /* Resources */,
			);
			buildRules = (
			);
			dependencies = (
				EA8BA98E2AEE5842002BD4F4 /* PBXTargetDependency */,
			);
			name = FreeRunningUITests;
			productName = FreeRunningUITests;
			productReference = EA8BA98C2AEE5842002BD4F4 /* FreeRunningUITests.xctest */;
			productType = "com.apple.product-type.bundle.ui-testing";
		};
/* End PBXNativeTarget section */

/* Begin PBXProject section */
		EA8BA9682AEE5841002BD4F4 /* Project object */ = {
			isa = PBXProject;
			attributes = {
				BuildIndependentTargetsInParallel = 1;
				LastSwiftUpdateCheck = 1500;
				LastUpgradeCheck = 1500;
				TargetAttributes = {
					EA8BA96F2AEE5841002BD4F4 = {
						CreatedOnToolsVersion = 15.0;
					};
					EA8BA9812AEE5842002BD4F4 = {
						CreatedOnToolsVersion = 15.0;
						TestTargetID = EA8BA96F2AEE5841002BD4F4;
					};
					EA8BA98B2AEE5842002BD4F4 = {
						CreatedOnToolsVersion = 15.0;
						TestTargetID = EA8BA96F2AEE5841002BD4F4;
					};
				};
			};
			buildConfigurationList = EA8BA96B2AEE5841002BD4F4 /* Build configuration list for PBXProject "FreeRunning" */;
			compatibilityVersion = "Xcode 14.0";
			developmentRegion = en;
			hasScannedForEncodings = 0;
			knownRegions = (
				en,
				Base,
			);
			mainGroup = EA8BA9672AEE5841002BD4F4;
			productRefGroup = EA8BA9712AEE5841002BD4F4 /* Products */;
			projectDirPath = "";
			projectRoot = "";
			targets = (
				EA8BA96F2AEE5841002BD4F4 /* FreeRunning */,
				EA8BA9812AEE5842002BD4F4 /* FreeRunningTests */,
				EA8BA98B2AEE5842002BD4F4 /* FreeRunningUITests */,
			);
		};
/* End PBXProject section */

/* Begin PBXResourcesBuildPhase section */
		EA8BA96E2AEE5841002BD4F4 /* Resources */ = {
			isa = PBXResourcesBuildPhase;
			buildActionMask = 2147483647;
			files = (
				EA8BA97D2AEE5842002BD4F4 /* Preview Assets.xcassets in Resources */,
				EA8BA97A2AEE5842002BD4F4 /* Assets.xcassets in Resources */,
			);
			runOnlyForDeploymentPostprocessing = 0;
		};
		EA8BA9802AEE5842002BD4F4 /* Resources */ = {
			isa = PBXResourcesBuildPhase;
			buildActionMask = 2147483647;
			files = (
			);
			runOnlyForDeploymentPostprocessing = 0;
		};
		EA8BA98A2AEE5842002BD4F4 /* Resources */ = {
			isa = PBXResourcesBuildPhase;
			buildActionMask = 2147483647;
			files = (
			);
			runOnlyForDeploymentPostprocessing = 0;
		};
/* End PBXResourcesBuildPhase section */

/* Begin PBXSourcesBuildPhase section */
		EA8BA96C2AEE5841002BD4F4 /* Sources */ = {
			isa = PBXSourcesBuildPhase;
			buildActionMask = 2147483647;
			files = (
				EA8BA9762AEE5841002BD4F4 /* RunOverview.swift in Sources */,
				EA6CC1492AEE675D006A042E /* RunStarter.swift in Sources */,
				EA8BA9782AEE5841002BD4F4 /* Item.swift in Sources */,
				EA8BA9742AEE5841002BD4F4 /* FreeRunningApp.swift in Sources */,
			);
			runOnlyForDeploymentPostprocessing = 0;
		};
		EA8BA97E2AEE5842002BD4F4 /* Sources */ = {
			isa = PBXSourcesBuildPhase;
			buildActionMask = 2147483647;
			files = (
				EA8BA9872AEE5842002BD4F4 /* FreeRunningTests.swift in Sources */,
			);
			runOnlyForDeploymentPostprocessing = 0;
		};
		EA8BA9882AEE5842002BD4F4 /* Sources */ = {
			isa = PBXSourcesBuildPhase;
			buildActionMask = 2147483647;
			files = (
				EA8BA9932AEE5842002BD4F4 /* FreeRunningUITestsLaunchTests.swift in Sources */,
				EA8BA9912AEE5842002BD4F4 /* FreeRunningUITests.swift in Sources */,
			);
			runOnlyForDeploymentPostprocessing = 0;
		};
/* End PBXSourcesBuildPhase section */

/* Begin PBXTargetDependency section */
		EA8BA9842AEE5842002BD4F4 /* PBXTargetDependency */ = {
			isa = PBXTargetDependency;
			target = EA8BA96F2AEE5841002BD4F4 /* FreeRunning */;
			targetProxy = EA8BA9832AEE5842002BD4F4 /* PBXContainerItemProxy */;
		};
		EA8BA98E2AEE5842002BD4F4 /* PBXTargetDependency */ = {
			isa = PBXTargetDependency;
			target = EA8BA96F2AEE5841002BD4F4 /* FreeRunning */;
			targetProxy = EA8BA98D2AEE5842002BD4F4 /* PBXContainerItemProxy */;
		};
/* End PBXTargetDependency section */

/* Begin XCBuildConfiguration section */
		EA8BA9942AEE5842002BD4F4 /* Debug */ = {
			isa = XCBuildConfiguration;
			buildSettings = {
				ALWAYS_SEARCH_USER_PATHS = NO;
				ASSETCATALOG_COMPILER_GENERATE_SWIFT_ASSET_SYMBOL_EXTENSIONS = YES;
				CLANG_ANALYZER_NONNULL = YES;
				CLANG_ANALYZER_NUMBER_OBJECT_CONVERSION = YES_AGGRESSIVE;
				CLANG_CXX_LANGUAGE_STANDARD = "gnu++20";
				CLANG_ENABLE_MODULES = YES;
				CLANG_ENABLE_OBJC_ARC = YES;
				CLANG_ENABLE_OBJC_WEAK = YES;
				CLANG_WARN_BLOCK_CAPTURE_AUTORELEASING = YES;
				CLANG_WARN_BOOL_CONVERSION = YES;
				CLANG_WARN_COMMA = YES;
				CLANG_WARN_CONSTANT_CONVERSION = YES;
				CLANG_WARN_DEPRECATED_OBJC_IMPLEMENTATIONS = YES;
				CLANG_WARN_DIRECT_OBJC_ISA_USAGE = YES_ERROR;
				CLANG_WARN_DOCUMENTATION_COMMENTS = YES;
				CLANG_WARN_EMPTY_BODY = YES;
				CLANG_WARN_ENUM_CONVERSION = YES;
				CLANG_WARN_INFINITE_RECURSION = YES;
				CLANG_WARN_INT_CONVERSION = YES;
				CLANG_WARN_NON_LITERAL_NULL_CONVERSION = YES;
				CLANG_WARN_OBJC_IMPLICIT_RETAIN_SELF = YES;
				CLANG_WARN_OBJC_LITERAL_CONVERSION = YES;
				CLANG_WARN_OBJC_ROOT_CLASS = YES_ERROR;
				CLANG_WARN_QUOTED_INCLUDE_IN_FRAMEWORK_HEADER = YES;
				CLANG_WARN_RANGE_LOOP_ANALYSIS = YES;
				CLANG_WARN_STRICT_PROTOTYPES = YES;
				CLANG_WARN_SUSPICIOUS_MOVE = YES;
				CLANG_WARN_UNGUARDED_AVAILABILITY = YES_AGGRESSIVE;
				CLANG_WARN_UNREACHABLE_CODE = YES;
				CLANG_WARN__DUPLICATE_METHOD_MATCH = YES;
				COPY_PHASE_STRIP = NO;
				DEBUG_INFORMATION_FORMAT = dwarf;
				ENABLE_STRICT_OBJC_MSGSEND = YES;
				ENABLE_TESTABILITY = YES;
				ENABLE_USER_SCRIPT_SANDBOXING = YES;
				GCC_C_LANGUAGE_STANDARD = gnu17;
				GCC_DYNAMIC_NO_PIC = NO;
				GCC_NO_COMMON_BLOCKS = YES;
				GCC_OPTIMIZATION_LEVEL = 0;
				GCC_PREPROCESSOR_DEFINITIONS = (
					"DEBUG=1",
					"$(inherited)",
				);
				GCC_WARN_64_TO_32_BIT_CONVERSION = YES;
				GCC_WARN_ABOUT_RETURN_TYPE = YES_ERROR;
				GCC_WARN_UNDECLARED_SELECTOR = YES;
				GCC_WARN_UNINITIALIZED_AUTOS = YES_AGGRESSIVE;
				GCC_WARN_UNUSED_FUNCTION = YES;
				GCC_WARN_UNUSED_VARIABLE = YES;
				IPHONEOS_DEPLOYMENT_TARGET = 17.0;
				LOCALIZATION_PREFERS_STRING_CATALOGS = YES;
				MTL_ENABLE_DEBUG_INFO = INCLUDE_SOURCE;
				MTL_FAST_MATH = YES;
				ONLY_ACTIVE_ARCH = YES;
				SDKROOT = iphoneos;
				SWIFT_ACTIVE_COMPILATION_CONDITIONS = "DEBUG $(inherited)";
				SWIFT_OPTIMIZATION_LEVEL = "-Onone";
			};
			name = Debug;
		};
		EA8BA9952AEE5842002BD4F4 /* Release */ = {
			isa = XCBuildConfiguration;
			buildSettings = {
				ALWAYS_SEARCH_USER_PATHS = NO;
				ASSETCATALOG_COMPILER_GENERATE_SWIFT_ASSET_SYMBOL_EXTENSIONS = YES;
				CLANG_ANALYZER_NONNULL = YES;
				CLANG_ANALYZER_NUMBER_OBJECT_CONVERSION = YES_AGGRESSIVE;
				CLANG_CXX_LANGUAGE_STANDARD = "gnu++20";
				CLANG_ENABLE_MODULES = YES;
				CLANG_ENABLE_OBJC_ARC = YES;
				CLANG_ENABLE_OBJC_WEAK = YES;
				CLANG_WARN_BLOCK_CAPTURE_AUTORELEASING = YES;
				CLANG_WARN_BOOL_CONVERSION = YES;
				CLANG_WARN_COMMA = YES;
				CLANG_WARN_CONSTANT_CONVERSION = YES;
				CLANG_WARN_DEPRECATED_OBJC_IMPLEMENTATIONS = YES;
				CLANG_WARN_DIRECT_OBJC_ISA_USAGE = YES_ERROR;
				CLANG_WARN_DOCUMENTATION_COMMENTS = YES;
				CLANG_WARN_EMPTY_BODY = YES;
				CLANG_WARN_ENUM_CONVERSION = YES;
				CLANG_WARN_INFINITE_RECURSION = YES;
				CLANG_WARN_INT_CONVERSION = YES;
				CLANG_WARN_NON_LITERAL_NULL_CONVERSION = YES;
				CLANG_WARN_OBJC_IMPLICIT_RETAIN_SELF = YES;
				CLANG_WARN_OBJC_LITERAL_CONVERSION = YES;
				CLANG_WARN_OBJC_ROOT_CLASS = YES_ERROR;
				CLANG_WARN_QUOTED_INCLUDE_IN_FRAMEWORK_HEADER = YES;
				CLANG_WARN_RANGE_LOOP_ANALYSIS = YES;
				CLANG_WARN_STRICT_PROTOTYPES = YES;
				CLANG_WARN_SUSPICIOUS_MOVE = YES;
				CLANG_WARN_UNGUARDED_AVAILABILITY = YES_AGGRESSIVE;
				CLANG_WARN_UNREACHABLE_CODE = YES;
				CLANG_WARN__DUPLICATE_METHOD_MATCH = YES;
				COPY_PHASE_STRIP = NO;
				DEBUG_INFORMATION_FORMAT = "dwarf-with-dsym";
				ENABLE_NS_ASSERTIONS = NO;
				ENABLE_STRICT_OBJC_MSGSEND = YES;
				ENABLE_USER_SCRIPT_SANDBOXING = YES;
				GCC_C_LANGUAGE_STANDARD = gnu17;
				GCC_NO_COMMON_BLOCKS = YES;
				GCC_WARN_64_TO_32_BIT_CONVERSION = YES;
				GCC_WARN_ABOUT_RETURN_TYPE = YES_ERROR;
				GCC_WARN_UNDECLARED_SELECTOR = YES;
				GCC_WARN_UNINITIALIZED_AUTOS = YES_AGGRESSIVE;
				GCC_WARN_UNUSED_FUNCTION = YES;
				GCC_WARN_UNUSED_VARIABLE = YES;
				IPHONEOS_DEPLOYMENT_TARGET = 17.0;
				LOCALIZATION_PREFERS_STRING_CATALOGS = YES;
				MTL_ENABLE_DEBUG_INFO = NO;
				MTL_FAST_MATH = YES;
				SDKROOT = iphoneos;
				SWIFT_COMPILATION_MODE = wholemodule;
				VALIDATE_PRODUCT = YES;
			};
			name = Release;
		};
		EA8BA9972AEE5842002BD4F4 /* Debug */ = {
			isa = XCBuildConfiguration;
			buildSettings = {
				ASSETCATALOG_COMPILER_APPICON_NAME = AppIcon;
				ASSETCATALOG_COMPILER_GLOBAL_ACCENT_COLOR_NAME = AccentColor;
				CODE_SIGN_STYLE = Automatic;
				CURRENT_PROJECT_VERSION = 1;
				DEVELOPMENT_ASSET_PATHS = "\"FreeRunning/Preview Content\"";
				ENABLE_PREVIEWS = YES;
				GENERATE_INFOPLIST_FILE = YES;
				INFOPLIST_KEY_UIApplicationSceneManifest_Generation = YES;
				INFOPLIST_KEY_UIApplicationSupportsIndirectInputEvents = YES;
				INFOPLIST_KEY_UILaunchScreen_Generation = YES;
				INFOPLIST_KEY_UISupportedInterfaceOrientations_iPad = "UIInterfaceOrientationPortrait UIInterfaceOrientationPortraitUpsideDown UIInterfaceOrientationLandscapeLeft UIInterfaceOrientationLandscapeRight";
				INFOPLIST_KEY_UISupportedInterfaceOrientations_iPhone = "UIInterfaceOrientationPortrait UIInterfaceOrientationLandscapeLeft UIInterfaceOrientationLandscapeRight";
				LD_RUNPATH_SEARCH_PATHS = (
					"$(inherited)",
					"@executable_path/Frameworks",
				);
				MARKETING_VERSION = 1.0;
				PRODUCT_BUNDLE_IDENTIFIER = de.tolga.naziyok.FreeRunning;
				PRODUCT_NAME = "$(TARGET_NAME)";
				SWIFT_EMIT_LOC_STRINGS = YES;
				SWIFT_VERSION = 5.0;
				TARGETED_DEVICE_FAMILY = "1,2";
			};
			name = Debug;
		};
		EA8BA9982AEE5842002BD4F4 /* Release */ = {
			isa = XCBuildConfiguration;
			buildSettings = {
				ASSETCATALOG_COMPILER_APPICON_NAME = AppIcon;
				ASSETCATALOG_COMPILER_GLOBAL_ACCENT_COLOR_NAME = AccentColor;
				CODE_SIGN_STYLE = Automatic;
				CURRENT_PROJECT_VERSION = 1;
				DEVELOPMENT_ASSET_PATHS = "\"FreeRunning/Preview Content\"";
				ENABLE_PREVIEWS = YES;
				GENERATE_INFOPLIST_FILE = YES;
				INFOPLIST_KEY_UIApplicationSceneManifest_Generation = YES;
				INFOPLIST_KEY_UIApplicationSupportsIndirectInputEvents = YES;
				INFOPLIST_KEY_UILaunchScreen_Generation = YES;
				INFOPLIST_KEY_UISupportedInterfaceOrientations_iPad = "UIInterfaceOrientationPortrait UIInterfaceOrientationPortraitUpsideDown UIInterfaceOrientationLandscapeLeft UIInterfaceOrientationLandscapeRight";
				INFOPLIST_KEY_UISupportedInterfaceOrientations_iPhone = "UIInterfaceOrientationPortrait UIInterfaceOrientationLandscapeLeft UIInterfaceOrientationLandscapeRight";
				LD_RUNPATH_SEARCH_PATHS = (
					"$(inherited)",
					"@executable_path/Frameworks",
				);
				MARKETING_VERSION = 1.0;
				PRODUCT_BUNDLE_IDENTIFIER = de.tolga.naziyok.FreeRunning;
				PRODUCT_NAME = "$(TARGET_NAME)";
				SWIFT_EMIT_LOC_STRINGS = YES;
				SWIFT_VERSION = 5.0;
				TARGETED_DEVICE_FAMILY = "1,2";
			};
			name = Release;
		};
		EA8BA99A2AEE5842002BD4F4 /* Debug */ = {
			isa = XCBuildConfiguration;
			buildSettings = {
				ALWAYS_EMBED_SWIFT_STANDARD_LIBRARIES = YES;
				BUNDLE_LOADER = "$(TEST_HOST)";
				CODE_SIGN_STYLE = Automatic;
				CURRENT_PROJECT_VERSION = 1;
				GENERATE_INFOPLIST_FILE = YES;
				IPHONEOS_DEPLOYMENT_TARGET = 17.0;
				MARKETING_VERSION = 1.0;
				PRODUCT_BUNDLE_IDENTIFIER = de.tolga.naziyok.FreeRunningTests;
				PRODUCT_NAME = "$(TARGET_NAME)";
				SWIFT_EMIT_LOC_STRINGS = NO;
				SWIFT_VERSION = 5.0;
				TARGETED_DEVICE_FAMILY = "1,2";
				TEST_HOST = "$(BUILT_PRODUCTS_DIR)/FreeRunning.app/$(BUNDLE_EXECUTABLE_FOLDER_PATH)/FreeRunning";
			};
			name = Debug;
		};
		EA8BA99B2AEE5842002BD4F4 /* Release */ = {
			isa = XCBuildConfiguration;
			buildSettings = {
				ALWAYS_EMBED_SWIFT_STANDARD_LIBRARIES = YES;
				BUNDLE_LOADER = "$(TEST_HOST)";
				CODE_SIGN_STYLE = Automatic;
				CURRENT_PROJECT_VERSION = 1;
				GENERATE_INFOPLIST_FILE = YES;
				IPHONEOS_DEPLOYMENT_TARGET = 17.0;
				MARKETING_VERSION = 1.0;
				PRODUCT_BUNDLE_IDENTIFIER = de.tolga.naziyok.FreeRunningTests;
				PRODUCT_NAME = "$(TARGET_NAME)";
				SWIFT_EMIT_LOC_STRINGS = NO;
				SWIFT_VERSION = 5.0;
				TARGETED_DEVICE_FAMILY = "1,2";
				TEST_HOST = "$(BUILT_PRODUCTS_DIR)/FreeRunning.app/$(BUNDLE_EXECUTABLE_FOLDER_PATH)/FreeRunning";
			};
			name = Release;
		};
		EA8BA99D2AEE5842002BD4F4 /* Debug */ = {
			isa = XCBuildConfiguration;
			buildSettings = {
				ALWAYS_EMBED_SWIFT_STANDARD_LIBRARIES = YES;
				CODE_SIGN_STYLE = Automatic;
				CURRENT_PROJECT_VERSION = 1;
				GENERATE_INFOPLIST_FILE = YES;
				MARKETING_VERSION = 1.0;
				PRODUCT_BUNDLE_IDENTIFIER = de.tolga.naziyok.FreeRunningUITests;
				PRODUCT_NAME = "$(TARGET_NAME)";
				SWIFT_EMIT_LOC_STRINGS = NO;
				SWIFT_VERSION = 5.0;
				TARGETED_DEVICE_FAMILY = "1,2";
				TEST_TARGET_NAME = FreeRunning;
			};
			name = Debug;
		};
		EA8BA99E2AEE5842002BD4F4 /* Release */ = {
			isa = XCBuildConfiguration;
			buildSettings = {
				ALWAYS_EMBED_SWIFT_STANDARD_LIBRARIES = YES;
				CODE_SIGN_STYLE = Automatic;
				CURRENT_PROJECT_VERSION = 1;
				GENERATE_INFOPLIST_FILE = YES;
				MARKETING_VERSION = 1.0;
				PRODUCT_BUNDLE_IDENTIFIER = de.tolga.naziyok.FreeRunningUITests;
				PRODUCT_NAME = "$(TARGET_NAME)";
				SWIFT_EMIT_LOC_STRINGS = NO;
				SWIFT_VERSION = 5.0;
				TARGETED_DEVICE_FAMILY = "1,2";
				TEST_TARGET_NAME = FreeRunning;
			};
			name = Release;
		};
/* End XCBuildConfiguration section */

/* Begin XCConfigurationList section */
		EA8BA96B2AEE5841002BD4F4 /* Build configuration list for PBXProject "FreeRunning" */ = {
			isa = XCConfigurationList;
			buildConfigurations = (
				EA8BA9942AEE5842002BD4F4 /* Debug */,
				EA8BA9952AEE5842002BD4F4 /* Release */,
			);
			defaultConfigurationIsVisible = 0;
			defaultConfigurationName = Release;
		};
		EA8BA9962AEE5842002BD4F4 /* Build configuration list for PBXNativeTarget "FreeRunning" */ = {
			isa = XCConfigurationList;
			buildConfigurations = (
				EA8BA9972AEE5842002BD4F4 /* Debug */,
				EA8BA9982AEE5842002BD4F4 /* Release */,
			);
			defaultConfigurationIsVisible = 0;
			defaultConfigurationName = Release;
		};
		EA8BA9992AEE5842002BD4F4 /* Build configuration list for PBXNativeTarget "FreeRunningTests" */ = {
			isa = XCConfigurationList;
			buildConfigurations = (
				EA8BA99A2AEE5842002BD4F4 /* Debug */,
				EA8BA99B2AEE5842002BD4F4 /* Release */,
			);
			defaultConfigurationIsVisible = 0;
			defaultConfigurationName = Release;
		};
		EA8BA99C2AEE5842002BD4F4 /* Build configuration list for PBXNativeTarget "FreeRunningUITests" */ = {
			isa = XCConfigurationList;
			buildConfigurations = (
				EA8BA99D2AEE5842002BD4F4 /* Debug */,
				EA8BA99E2AEE5842002BD4F4 /* Release */,
			);
			defaultConfigurationIsVisible = 0;
			defaultConfigurationName = Release;
		};
/* End XCConfigurationList section */
	};
	rootObject = EA8BA9682AEE5841002BD4F4 /* Project object */;
}
