// !$*UTF8*$!
{
	archiveVersion = 1;
	classes = {
	};
	objectVersion = 56;
	objects = {

/* Begin PBXBuildFile section */
		EAD18B042AEEB99600864701 /* FreeRunningApp.swift in Sources */ = {isa = PBXBuildFile; fileRef = EAD18B032AEEB99600864701 /* FreeRunningApp.swift */; };
		EAD18B062AEEB99600864701 /* ContentView.swift in Sources */ = {isa = PBXBuildFile; fileRef = EAD18B052AEEB99600864701 /* ContentView.swift */; };
		EAD18B082AEEB99600864701 /* Item.swift in Sources */ = {isa = PBXBuildFile; fileRef = EAD18B072AEEB99600864701 /* Item.swift */; };
		EAD18B0A2AEEB99700864701 /* Assets.xcassets in Resources */ = {isa = PBXBuildFile; fileRef = EAD18B092AEEB99700864701 /* Assets.xcassets */; };
		EAD18B0D2AEEB99700864701 /* Preview Assets.xcassets in Resources */ = {isa = PBXBuildFile; fileRef = EAD18B0C2AEEB99700864701 /* Preview Assets.xcassets */; };
		EAD18B172AEEB99700864701 /* FreeRunningTests.swift in Sources */ = {isa = PBXBuildFile; fileRef = EAD18B162AEEB99700864701 /* FreeRunningTests.swift */; };
		EAD18B212AEEB99700864701 /* FreeRunningUITests.swift in Sources */ = {isa = PBXBuildFile; fileRef = EAD18B202AEEB99700864701 /* FreeRunningUITests.swift */; };
		EAD18B232AEEB99700864701 /* FreeRunningUITestsLaunchTests.swift in Sources */ = {isa = PBXBuildFile; fileRef = EAD18B222AEEB99700864701 /* FreeRunningUITestsLaunchTests.swift */; };
/* End PBXBuildFile section */

/* Begin PBXContainerItemProxy section */
		EAD18B132AEEB99700864701 /* PBXContainerItemProxy */ = {
			isa = PBXContainerItemProxy;
			containerPortal = EAD18AF82AEEB99600864701 /* Project object */;
			proxyType = 1;
			remoteGlobalIDString = EAD18AFF2AEEB99600864701;
			remoteInfo = FreeRunning;
		};
		EAD18B1D2AEEB99700864701 /* PBXContainerItemProxy */ = {
			isa = PBXContainerItemProxy;
			containerPortal = EAD18AF82AEEB99600864701 /* Project object */;
			proxyType = 1;
			remoteGlobalIDString = EAD18AFF2AEEB99600864701;
			remoteInfo = FreeRunning;
		};
/* End PBXContainerItemProxy section */

/* Begin PBXFileReference section */
		EAD18B002AEEB99600864701 /* FreeRunning.app */ = {isa = PBXFileReference; explicitFileType = wrapper.application; includeInIndex = 0; path = FreeRunning.app; sourceTree = BUILT_PRODUCTS_DIR; };
		EAD18B032AEEB99600864701 /* FreeRunningApp.swift */ = {isa = PBXFileReference; lastKnownFileType = sourcecode.swift; path = FreeRunningApp.swift; sourceTree = "<group>"; };
		EAD18B052AEEB99600864701 /* ContentView.swift */ = {isa = PBXFileReference; lastKnownFileType = sourcecode.swift; path = ContentView.swift; sourceTree = "<group>"; };
		EAD18B072AEEB99600864701 /* Item.swift */ = {isa = PBXFileReference; lastKnownFileType = sourcecode.swift; path = Item.swift; sourceTree = "<group>"; };
		EAD18B092AEEB99700864701 /* Assets.xcassets */ = {isa = PBXFileReference; lastKnownFileType = folder.assetcatalog; path = Assets.xcassets; sourceTree = "<group>"; };
		EAD18B0C2AEEB99700864701 /* Preview Assets.xcassets */ = {isa = PBXFileReference; lastKnownFileType = folder.assetcatalog; path = "Preview Assets.xcassets"; sourceTree = "<group>"; };
		EAD18B122AEEB99700864701 /* FreeRunningTests.xctest */ = {isa = PBXFileReference; explicitFileType = wrapper.cfbundle; includeInIndex = 0; path = FreeRunningTests.xctest; sourceTree = BUILT_PRODUCTS_DIR; };
		EAD18B162AEEB99700864701 /* FreeRunningTests.swift */ = {isa = PBXFileReference; lastKnownFileType = sourcecode.swift; path = FreeRunningTests.swift; sourceTree = "<group>"; };
		EAD18B1C2AEEB99700864701 /* FreeRunningUITests.xctest */ = {isa = PBXFileReference; explicitFileType = wrapper.cfbundle; includeInIndex = 0; path = FreeRunningUITests.xctest; sourceTree = BUILT_PRODUCTS_DIR; };
		EAD18B202AEEB99700864701 /* FreeRunningUITests.swift */ = {isa = PBXFileReference; lastKnownFileType = sourcecode.swift; path = FreeRunningUITests.swift; sourceTree = "<group>"; };
		EAD18B222AEEB99700864701 /* FreeRunningUITestsLaunchTests.swift */ = {isa = PBXFileReference; lastKnownFileType = sourcecode.swift; path = FreeRunningUITestsLaunchTests.swift; sourceTree = "<group>"; };
/* End PBXFileReference section */

/* Begin PBXFrameworksBuildPhase section */
		EAD18AFD2AEEB99600864701 /* Frameworks */ = {
			isa = PBXFrameworksBuildPhase;
			buildActionMask = 2147483647;
			files = (
			);
			runOnlyForDeploymentPostprocessing = 0;
		};
		EAD18B0F2AEEB99700864701 /* Frameworks */ = {
			isa = PBXFrameworksBuildPhase;
			buildActionMask = 2147483647;
			files = (
			);
			runOnlyForDeploymentPostprocessing = 0;
		};
		EAD18B192AEEB99700864701 /* Frameworks */ = {
			isa = PBXFrameworksBuildPhase;
			buildActionMask = 2147483647;
			files = (
			);
			runOnlyForDeploymentPostprocessing = 0;
		};
/* End PBXFrameworksBuildPhase section */

/* Begin PBXGroup section */
		EAD18AF72AEEB99600864701 = {
			isa = PBXGroup;
			children = (
				EAD18B022AEEB99600864701 /* FreeRunning */,
				EAD18B152AEEB99700864701 /* FreeRunningTests */,
				EAD18B1F2AEEB99700864701 /* FreeRunningUITests */,
				EAD18B012AEEB99600864701 /* Products */,
			);
			sourceTree = "<group>";
		};
		EAD18B012AEEB99600864701 /* Products */ = {
			isa = PBXGroup;
			children = (
				EAD18B002AEEB99600864701 /* FreeRunning.app */,
				EAD18B122AEEB99700864701 /* FreeRunningTests.xctest */,
				EAD18B1C2AEEB99700864701 /* FreeRunningUITests.xctest */,
			);
			name = Products;
			sourceTree = "<group>";
		};
		EAD18B022AEEB99600864701 /* FreeRunning */ = {
			isa = PBXGroup;
			children = (
				EAD18B032AEEB99600864701 /* FreeRunningApp.swift */,
				EAD18B052AEEB99600864701 /* ContentView.swift */,
				EAD18B072AEEB99600864701 /* Item.swift */,
				EAD18B092AEEB99700864701 /* Assets.xcassets */,
				EAD18B0B2AEEB99700864701 /* Preview Content */,
			);
			path = FreeRunning;
			sourceTree = "<group>";
		};
		EAD18B0B2AEEB99700864701 /* Preview Content */ = {
			isa = PBXGroup;
			children = (
				EAD18B0C2AEEB99700864701 /* Preview Assets.xcassets */,
			);
			path = "Preview Content";
			sourceTree = "<group>";
		};
		EAD18B152AEEB99700864701 /* FreeRunningTests */ = {
			isa = PBXGroup;
			children = (
				EAD18B162AEEB99700864701 /* FreeRunningTests.swift */,
			);
			path = FreeRunningTests;
			sourceTree = "<group>";
		};
		EAD18B1F2AEEB99700864701 /* FreeRunningUITests */ = {
			isa = PBXGroup;
			children = (
				EAD18B202AEEB99700864701 /* FreeRunningUITests.swift */,
				EAD18B222AEEB99700864701 /* FreeRunningUITestsLaunchTests.swift */,
			);
			path = FreeRunningUITests;
			sourceTree = "<group>";
		};
/* End PBXGroup section */

/* Begin PBXNativeTarget section */
		EAD18AFF2AEEB99600864701 /* FreeRunning */ = {
			isa = PBXNativeTarget;
			buildConfigurationList = EAD18B262AEEB99700864701 /* Build configuration list for PBXNativeTarget "FreeRunning" */;
			buildPhases = (
				EAD18AFC2AEEB99600864701 /* Sources */,
				EAD18AFD2AEEB99600864701 /* Frameworks */,
				EAD18AFE2AEEB99600864701 /* Resources */,
			);
			buildRules = (
			);
			dependencies = (
			);
			name = FreeRunning;
			productName = FreeRunning;
			productReference = EAD18B002AEEB99600864701 /* FreeRunning.app */;
			productType = "com.apple.product-type.application";
		};
		EAD18B112AEEB99700864701 /* FreeRunningTests */ = {
			isa = PBXNativeTarget;
			buildConfigurationList = EAD18B292AEEB99700864701 /* Build configuration list for PBXNativeTarget "FreeRunningTests" */;
			buildPhases = (
				EAD18B0E2AEEB99700864701 /* Sources */,
				EAD18B0F2AEEB99700864701 /* Frameworks */,
				EAD18B102AEEB99700864701 /* Resources */,
			);
			buildRules = (
			);
			dependencies = (
				EAD18B142AEEB99700864701 /* PBXTargetDependency */,
			);
			name = FreeRunningTests;
			productName = FreeRunningTests;
			productReference = EAD18B122AEEB99700864701 /* FreeRunningTests.xctest */;
			productType = "com.apple.product-type.bundle.unit-test";
		};
		EAD18B1B2AEEB99700864701 /* FreeRunningUITests */ = {
			isa = PBXNativeTarget;
			buildConfigurationList = EAD18B2C2AEEB99700864701 /* Build configuration list for PBXNativeTarget "FreeRunningUITests" */;
			buildPhases = (
				EAD18B182AEEB99700864701 /* Sources */,
				EAD18B192AEEB99700864701 /* Frameworks */,
				EAD18B1A2AEEB99700864701 /* Resources */,
			);
			buildRules = (
			);
			dependencies = (
				EAD18B1E2AEEB99700864701 /* PBXTargetDependency */,
			);
			name = FreeRunningUITests;
			productName = FreeRunningUITests;
			productReference = EAD18B1C2AEEB99700864701 /* FreeRunningUITests.xctest */;
			productType = "com.apple.product-type.bundle.ui-testing";
		};
/* End PBXNativeTarget section */

/* Begin PBXProject section */
		EAD18AF82AEEB99600864701 /* Project object */ = {
			isa = PBXProject;
			attributes = {
				BuildIndependentTargetsInParallel = 1;
				LastSwiftUpdateCheck = 1500;
				LastUpgradeCheck = 1500;
				TargetAttributes = {
					EAD18AFF2AEEB99600864701 = {
						CreatedOnToolsVersion = 15.0;
					};
					EAD18B112AEEB99700864701 = {
						CreatedOnToolsVersion = 15.0;
						TestTargetID = EAD18AFF2AEEB99600864701;
					};
					EAD18B1B2AEEB99700864701 = {
						CreatedOnToolsVersion = 15.0;
						TestTargetID = EAD18AFF2AEEB99600864701;
					};
				};
			};
			buildConfigurationList = EAD18AFB2AEEB99600864701 /* Build configuration list for PBXProject "FreeRunning" */;
			compatibilityVersion = "Xcode 14.0";
			developmentRegion = en;
			hasScannedForEncodings = 0;
			knownRegions = (
				en,
				Base,
			);
			mainGroup = EAD18AF72AEEB99600864701;
			productRefGroup = EAD18B012AEEB99600864701 /* Products */;
			projectDirPath = "";
			projectRoot = "";
			targets = (
				EAD18AFF2AEEB99600864701 /* FreeRunning */,
				EAD18B112AEEB99700864701 /* FreeRunningTests */,
				EAD18B1B2AEEB99700864701 /* FreeRunningUITests */,
			);
		};
/* End PBXProject section */

/* Begin PBXResourcesBuildPhase section */
		EAD18AFE2AEEB99600864701 /* Resources */ = {
			isa = PBXResourcesBuildPhase;
			buildActionMask = 2147483647;
			files = (
				EAD18B0D2AEEB99700864701 /* Preview Assets.xcassets in Resources */,
				EAD18B0A2AEEB99700864701 /* Assets.xcassets in Resources */,
			);
			runOnlyForDeploymentPostprocessing = 0;
		};
		EAD18B102AEEB99700864701 /* Resources */ = {
			isa = PBXResourcesBuildPhase;
			buildActionMask = 2147483647;
			files = (
			);
			runOnlyForDeploymentPostprocessing = 0;
		};
		EAD18B1A2AEEB99700864701 /* Resources */ = {
			isa = PBXResourcesBuildPhase;
			buildActionMask = 2147483647;
			files = (
			);
			runOnlyForDeploymentPostprocessing = 0;
		};
/* End PBXResourcesBuildPhase section */

/* Begin PBXSourcesBuildPhase section */
		EAD18AFC2AEEB99600864701 /* Sources */ = {
			isa = PBXSourcesBuildPhase;
			buildActionMask = 2147483647;
			files = (
				EAD18B062AEEB99600864701 /* ContentView.swift in Sources */,
				EAD18B082AEEB99600864701 /* Item.swift in Sources */,
				EAD18B042AEEB99600864701 /* FreeRunningApp.swift in Sources */,
			);
			runOnlyForDeploymentPostprocessing = 0;
		};
		EAD18B0E2AEEB99700864701 /* Sources */ = {
			isa = PBXSourcesBuildPhase;
			buildActionMask = 2147483647;
			files = (
				EAD18B172AEEB99700864701 /* FreeRunningTests.swift in Sources */,
			);
			runOnlyForDeploymentPostprocessing = 0;
		};
		EAD18B182AEEB99700864701 /* Sources */ = {
			isa = PBXSourcesBuildPhase;
			buildActionMask = 2147483647;
			files = (
				EAD18B232AEEB99700864701 /* FreeRunningUITestsLaunchTests.swift in Sources */,
				EAD18B212AEEB99700864701 /* FreeRunningUITests.swift in Sources */,
			);
			runOnlyForDeploymentPostprocessing = 0;
		};
/* End PBXSourcesBuildPhase section */

/* Begin PBXTargetDependency section */
		EAD18B142AEEB99700864701 /* PBXTargetDependency */ = {
			isa = PBXTargetDependency;
			target = EAD18AFF2AEEB99600864701 /* FreeRunning */;
			targetProxy = EAD18B132AEEB99700864701 /* PBXContainerItemProxy */;
		};
		EAD18B1E2AEEB99700864701 /* PBXTargetDependency */ = {
			isa = PBXTargetDependency;
			target = EAD18AFF2AEEB99600864701 /* FreeRunning */;
			targetProxy = EAD18B1D2AEEB99700864701 /* PBXContainerItemProxy */;
		};
/* End PBXTargetDependency section */

/* Begin XCBuildConfiguration section */
		EAD18B242AEEB99700864701 /* Debug */ = {
			isa = XCBuildConfiguration;
			buildSettings = {
				ALWAYS_SEARCH_USER_PATHS = NO;
				ASSETCATALOG_COMPILER_GENERATE_SWIFT_ASSET_SYMBOL_EXTENSIONS = YES;
				CLANG_ANALYZER_NONNULL = YES;
				CLANG_ANALYZER_NUMBER_OBJECT_CONVERSION = YES_AGGRESSIVE;
				CLANG_CXX_LANGUAGE_STANDARD = "gnu++20";
				CLANG_ENABLE_MODULES = YES;
				CLANG_ENABLE_OBJC_ARC = YES;
				CLANG_ENABLE_OBJC_WEAK = YES;
				CLANG_WARN_BLOCK_CAPTURE_AUTORELEASING = YES;
				CLANG_WARN_BOOL_CONVERSION = YES;
				CLANG_WARN_COMMA = YES;
				CLANG_WARN_CONSTANT_CONVERSION = YES;
				CLANG_WARN_DEPRECATED_OBJC_IMPLEMENTATIONS = YES;
				CLANG_WARN_DIRECT_OBJC_ISA_USAGE = YES_ERROR;
				CLANG_WARN_DOCUMENTATION_COMMENTS = YES;
				CLANG_WARN_EMPTY_BODY = YES;
				CLANG_WARN_ENUM_CONVERSION = YES;
				CLANG_WARN_INFINITE_RECURSION = YES;
				CLANG_WARN_INT_CONVERSION = YES;
				CLANG_WARN_NON_LITERAL_NULL_CONVERSION = YES;
				CLANG_WARN_OBJC_IMPLICIT_RETAIN_SELF = YES;
				CLANG_WARN_OBJC_LITERAL_CONVERSION = YES;
				CLANG_WARN_OBJC_ROOT_CLASS = YES_ERROR;
				CLANG_WARN_QUOTED_INCLUDE_IN_FRAMEWORK_HEADER = YES;
				CLANG_WARN_RANGE_LOOP_ANALYSIS = YES;
				CLANG_WARN_STRICT_PROTOTYPES = YES;
				CLANG_WARN_SUSPICIOUS_MOVE = YES;
				CLANG_WARN_UNGUARDED_AVAILABILITY = YES_AGGRESSIVE;
				CLANG_WARN_UNREACHABLE_CODE = YES;
				CLANG_WARN__DUPLICATE_METHOD_MATCH = YES;
				COPY_PHASE_STRIP = NO;
				DEBUG_INFORMATION_FORMAT = dwarf;
				ENABLE_STRICT_OBJC_MSGSEND = YES;
				ENABLE_TESTABILITY = YES;
				ENABLE_USER_SCRIPT_SANDBOXING = YES;
				GCC_C_LANGUAGE_STANDARD = gnu17;
				GCC_DYNAMIC_NO_PIC = NO;
				GCC_NO_COMMON_BLOCKS = YES;
				GCC_OPTIMIZATION_LEVEL = 0;
				GCC_PREPROCESSOR_DEFINITIONS = (
					"DEBUG=1",
					"$(inherited)",
				);
				GCC_WARN_64_TO_32_BIT_CONVERSION = YES;
				GCC_WARN_ABOUT_RETURN_TYPE = YES_ERROR;
				GCC_WARN_UNDECLARED_SELECTOR = YES;
				GCC_WARN_UNINITIALIZED_AUTOS = YES_AGGRESSIVE;
				GCC_WARN_UNUSED_FUNCTION = YES;
				GCC_WARN_UNUSED_VARIABLE = YES;
				IPHONEOS_DEPLOYMENT_TARGET = 17.0;
				LOCALIZATION_PREFERS_STRING_CATALOGS = YES;
				MTL_ENABLE_DEBUG_INFO = INCLUDE_SOURCE;
				MTL_FAST_MATH = YES;
				ONLY_ACTIVE_ARCH = YES;
				SDKROOT = iphoneos;
				SWIFT_ACTIVE_COMPILATION_CONDITIONS = "DEBUG $(inherited)";
				SWIFT_OPTIMIZATION_LEVEL = "-Onone";
			};
			name = Debug;
		};
		EAD18B252AEEB99700864701 /* Release */ = {
			isa = XCBuildConfiguration;
			buildSettings = {
				ALWAYS_SEARCH_USER_PATHS = NO;
				ASSETCATALOG_COMPILER_GENERATE_SWIFT_ASSET_SYMBOL_EXTENSIONS = YES;
				CLANG_ANALYZER_NONNULL = YES;
				CLANG_ANALYZER_NUMBER_OBJECT_CONVERSION = YES_AGGRESSIVE;
				CLANG_CXX_LANGUAGE_STANDARD = "gnu++20";
				CLANG_ENABLE_MODULES = YES;
				CLANG_ENABLE_OBJC_ARC = YES;
				CLANG_ENABLE_OBJC_WEAK = YES;
				CLANG_WARN_BLOCK_CAPTURE_AUTORELEASING = YES;
				CLANG_WARN_BOOL_CONVERSION = YES;
				CLANG_WARN_COMMA = YES;
				CLANG_WARN_CONSTANT_CONVERSION = YES;
				CLANG_WARN_DEPRECATED_OBJC_IMPLEMENTATIONS = YES;
				CLANG_WARN_DIRECT_OBJC_ISA_USAGE = YES_ERROR;
				CLANG_WARN_DOCUMENTATION_COMMENTS = YES;
				CLANG_WARN_EMPTY_BODY = YES;
				CLANG_WARN_ENUM_CONVERSION = YES;
				CLANG_WARN_INFINITE_RECURSION = YES;
				CLANG_WARN_INT_CONVERSION = YES;
				CLANG_WARN_NON_LITERAL_NULL_CONVERSION = YES;
				CLANG_WARN_OBJC_IMPLICIT_RETAIN_SELF = YES;
				CLANG_WARN_OBJC_LITERAL_CONVERSION = YES;
				CLANG_WARN_OBJC_ROOT_CLASS = YES_ERROR;
				CLANG_WARN_QUOTED_INCLUDE_IN_FRAMEWORK_HEADER = YES;
				CLANG_WARN_RANGE_LOOP_ANALYSIS = YES;
				CLANG_WARN_STRICT_PROTOTYPES = YES;
				CLANG_WARN_SUSPICIOUS_MOVE = YES;
				CLANG_WARN_UNGUARDED_AVAILABILITY = YES_AGGRESSIVE;
				CLANG_WARN_UNREACHABLE_CODE = YES;
				CLANG_WARN__DUPLICATE_METHOD_MATCH = YES;
				COPY_PHASE_STRIP = NO;
				DEBUG_INFORMATION_FORMAT = "dwarf-with-dsym";
				ENABLE_NS_ASSERTIONS = NO;
				ENABLE_STRICT_OBJC_MSGSEND = YES;
				ENABLE_USER_SCRIPT_SANDBOXING = YES;
				GCC_C_LANGUAGE_STANDARD = gnu17;
				GCC_NO_COMMON_BLOCKS = YES;
				GCC_WARN_64_TO_32_BIT_CONVERSION = YES;
				GCC_WARN_ABOUT_RETURN_TYPE = YES_ERROR;
				GCC_WARN_UNDECLARED_SELECTOR = YES;
				GCC_WARN_UNINITIALIZED_AUTOS = YES_AGGRESSIVE;
				GCC_WARN_UNUSED_FUNCTION = YES;
				GCC_WARN_UNUSED_VARIABLE = YES;
				IPHONEOS_DEPLOYMENT_TARGET = 17.0;
				LOCALIZATION_PREFERS_STRING_CATALOGS = YES;
				MTL_ENABLE_DEBUG_INFO = NO;
				MTL_FAST_MATH = YES;
				SDKROOT = iphoneos;
				SWIFT_COMPILATION_MODE = wholemodule;
				VALIDATE_PRODUCT = YES;
			};
			name = Release;
		};
		EAD18B272AEEB99700864701 /* Debug */ = {
			isa = XCBuildConfiguration;
			buildSettings = {
				ASSETCATALOG_COMPILER_APPICON_NAME = AppIcon;
				ASSETCATALOG_COMPILER_GLOBAL_ACCENT_COLOR_NAME = AccentColor;
				CODE_SIGN_STYLE = Automatic;
				CURRENT_PROJECT_VERSION = 1;
				DEVELOPMENT_ASSET_PATHS = "\"FreeRunning/Preview Content\"";
				ENABLE_PREVIEWS = YES;
				GENERATE_INFOPLIST_FILE = YES;
				INFOPLIST_KEY_UIApplicationSceneManifest_Generation = YES;
				INFOPLIST_KEY_UIApplicationSupportsIndirectInputEvents = YES;
				INFOPLIST_KEY_UILaunchScreen_Generation = YES;
				INFOPLIST_KEY_UISupportedInterfaceOrientations_iPad = "UIInterfaceOrientationPortrait UIInterfaceOrientationPortraitUpsideDown UIInterfaceOrientationLandscapeLeft UIInterfaceOrientationLandscapeRight";
				INFOPLIST_KEY_UISupportedInterfaceOrientations_iPhone = "UIInterfaceOrientationPortrait UIInterfaceOrientationLandscapeLeft UIInterfaceOrientationLandscapeRight";
				LD_RUNPATH_SEARCH_PATHS = (
					"$(inherited)",
					"@executable_path/Frameworks",
				);
				MARKETING_VERSION = 1.0;
				PRODUCT_BUNDLE_IDENTIFIER = de.tolga.naziyok.FreeRunning;
				PRODUCT_NAME = "$(TARGET_NAME)";
				SWIFT_EMIT_LOC_STRINGS = YES;
				SWIFT_VERSION = 5.0;
				TARGETED_DEVICE_FAMILY = "1,2";
			};
			name = Debug;
		};
		EAD18B282AEEB99700864701 /* Release */ = {
			isa = XCBuildConfiguration;
			buildSettings = {
				ASSETCATALOG_COMPILER_APPICON_NAME = AppIcon;
				ASSETCATALOG_COMPILER_GLOBAL_ACCENT_COLOR_NAME = AccentColor;
				CODE_SIGN_STYLE = Automatic;
				CURRENT_PROJECT_VERSION = 1;
				DEVELOPMENT_ASSET_PATHS = "\"FreeRunning/Preview Content\"";
				ENABLE_PREVIEWS = YES;
				GENERATE_INFOPLIST_FILE = YES;
				INFOPLIST_KEY_UIApplicationSceneManifest_Generation = YES;
				INFOPLIST_KEY_UIApplicationSupportsIndirectInputEvents = YES;
				INFOPLIST_KEY_UILaunchScreen_Generation = YES;
				INFOPLIST_KEY_UISupportedInterfaceOrientations_iPad = "UIInterfaceOrientationPortrait UIInterfaceOrientationPortraitUpsideDown UIInterfaceOrientationLandscapeLeft UIInterfaceOrientationLandscapeRight";
				INFOPLIST_KEY_UISupportedInterfaceOrientations_iPhone = "UIInterfaceOrientationPortrait UIInterfaceOrientationLandscapeLeft UIInterfaceOrientationLandscapeRight";
				LD_RUNPATH_SEARCH_PATHS = (
					"$(inherited)",
					"@executable_path/Frameworks",
				);
				MARKETING_VERSION = 1.0;
				PRODUCT_BUNDLE_IDENTIFIER = de.tolga.naziyok.FreeRunning;
				PRODUCT_NAME = "$(TARGET_NAME)";
				SWIFT_EMIT_LOC_STRINGS = YES;
				SWIFT_VERSION = 5.0;
				TARGETED_DEVICE_FAMILY = "1,2";
			};
			name = Release;
		};
		EAD18B2A2AEEB99700864701 /* Debug */ = {
			isa = XCBuildConfiguration;
			buildSettings = {
				ALWAYS_EMBED_SWIFT_STANDARD_LIBRARIES = YES;
				BUNDLE_LOADER = "$(TEST_HOST)";
				CODE_SIGN_STYLE = Automatic;
				CURRENT_PROJECT_VERSION = 1;
				GENERATE_INFOPLIST_FILE = YES;
				IPHONEOS_DEPLOYMENT_TARGET = 17.0;
				MARKETING_VERSION = 1.0;
				PRODUCT_BUNDLE_IDENTIFIER = de.tolga.naziyok.FreeRunningTests;
				PRODUCT_NAME = "$(TARGET_NAME)";
				SWIFT_EMIT_LOC_STRINGS = NO;
				SWIFT_VERSION = 5.0;
				TARGETED_DEVICE_FAMILY = "1,2";
				TEST_HOST = "$(BUILT_PRODUCTS_DIR)/FreeRunning.app/$(BUNDLE_EXECUTABLE_FOLDER_PATH)/FreeRunning";
			};
			name = Debug;
		};
		EAD18B2B2AEEB99700864701 /* Release */ = {
			isa = XCBuildConfiguration;
			buildSettings = {
				ALWAYS_EMBED_SWIFT_STANDARD_LIBRARIES = YES;
				BUNDLE_LOADER = "$(TEST_HOST)";
				CODE_SIGN_STYLE = Automatic;
				CURRENT_PROJECT_VERSION = 1;
				GENERATE_INFOPLIST_FILE = YES;
				IPHONEOS_DEPLOYMENT_TARGET = 17.0;
				MARKETING_VERSION = 1.0;
				PRODUCT_BUNDLE_IDENTIFIER = de.tolga.naziyok.FreeRunningTests;
				PRODUCT_NAME = "$(TARGET_NAME)";
				SWIFT_EMIT_LOC_STRINGS = NO;
				SWIFT_VERSION = 5.0;
				TARGETED_DEVICE_FAMILY = "1,2";
				TEST_HOST = "$(BUILT_PRODUCTS_DIR)/FreeRunning.app/$(BUNDLE_EXECUTABLE_FOLDER_PATH)/FreeRunning";
			};
			name = Release;
		};
		EAD18B2D2AEEB99700864701 /* Debug */ = {
			isa = XCBuildConfiguration;
			buildSettings = {
				ALWAYS_EMBED_SWIFT_STANDARD_LIBRARIES = YES;
				CODE_SIGN_STYLE = Automatic;
				CURRENT_PROJECT_VERSION = 1;
				GENERATE_INFOPLIST_FILE = YES;
				MARKETING_VERSION = 1.0;
				PRODUCT_BUNDLE_IDENTIFIER = de.tolga.naziyok.FreeRunningUITests;
				PRODUCT_NAME = "$(TARGET_NAME)";
				SWIFT_EMIT_LOC_STRINGS = NO;
				SWIFT_VERSION = 5.0;
				TARGETED_DEVICE_FAMILY = "1,2";
				TEST_TARGET_NAME = FreeRunning;
			};
			name = Debug;
		};
		EAD18B2E2AEEB99700864701 /* Release */ = {
			isa = XCBuildConfiguration;
			buildSettings = {
				ALWAYS_EMBED_SWIFT_STANDARD_LIBRARIES = YES;
				CODE_SIGN_STYLE = Automatic;
				CURRENT_PROJECT_VERSION = 1;
				GENERATE_INFOPLIST_FILE = YES;
				MARKETING_VERSION = 1.0;
				PRODUCT_BUNDLE_IDENTIFIER = de.tolga.naziyok.FreeRunningUITests;
				PRODUCT_NAME = "$(TARGET_NAME)";
				SWIFT_EMIT_LOC_STRINGS = NO;
				SWIFT_VERSION = 5.0;
				TARGETED_DEVICE_FAMILY = "1,2";
				TEST_TARGET_NAME = FreeRunning;
			};
			name = Release;
		};
/* End XCBuildConfiguration section */

/* Begin XCConfigurationList section */
		EAD18AFB2AEEB99600864701 /* Build configuration list for PBXProject "FreeRunning" */ = {
			isa = XCConfigurationList;
			buildConfigurations = (
				EAD18B242AEEB99700864701 /* Debug */,
				EAD18B252AEEB99700864701 /* Release */,
			);
			defaultConfigurationIsVisible = 0;
			defaultConfigurationName = Release;
		};
		EAD18B262AEEB99700864701 /* Build configuration list for PBXNativeTarget "FreeRunning" */ = {
			isa = XCConfigurationList;
			buildConfigurations = (
				EAD18B272AEEB99700864701 /* Debug */,
				EAD18B282AEEB99700864701 /* Release */,
			);
			defaultConfigurationIsVisible = 0;
			defaultConfigurationName = Release;
		};
		EAD18B292AEEB99700864701 /* Build configuration list for PBXNativeTarget "FreeRunningTests" */ = {
			isa = XCConfigurationList;
			buildConfigurations = (
				EAD18B2A2AEEB99700864701 /* Debug */,
				EAD18B2B2AEEB99700864701 /* Release */,
			);
			defaultConfigurationIsVisible = 0;
			defaultConfigurationName = Release;
		};
		EAD18B2C2AEEB99700864701 /* Build configuration list for PBXNativeTarget "FreeRunningUITests" */ = {
			isa = XCConfigurationList;
			buildConfigurations = (
				EAD18B2D2AEEB99700864701 /* Debug */,
				EAD18B2E2AEEB99700864701 /* Release */,
			);
			defaultConfigurationIsVisible = 0;
			defaultConfigurationName = Release;
		};
/* End XCConfigurationList section */
	};
	rootObject = EAD18AF82AEEB99600864701 /* Project object */;
}
